// !$*UTF8*$!
{
	archiveVersion = 1;
	classes = {
	};
	objectVersion = 56;
	objects = {

/* Begin PBXBuildFile section */
		AA000001000000000000001 /* BinkyApp.swift in Sources */ = {isa = PBXBuildFile; fileRef = 1983E259BC5A494A9D936B63 /* BinkyApp.swift */; };
		BKEXPBLD00000100000001 /* BinkyExportedDependencies.swift in Sources */ = {isa = PBXBuildFile; fileRef = BKEXPRF00000100000001 /* BinkyExportedDependencies.swift */; };
		BKSRUBL00000100000001 /* SortRule+ReviewDraft.swift in Sources */ = {isa = PBXBuildFile; fileRef = BKSRURF00000100000001 /* SortRule+ReviewDraft.swift */; };
		AA000002000000000000002 /* ContentView.swift in Sources */ = {isa = PBXBuildFile; fileRef = 96F9AD6A1BD04233828DC140 /* ContentView.swift */; };
		AA000004000000000000004 /* PreferencesView.swift in Sources */ = {isa = PBXBuildFile; fileRef = 89ED8C350A5D404EA5F1CCF6 /* PreferencesView.swift */; };
		AA000005000000000000005 /* Strings.swift in Sources */ = {isa = PBXBuildFile; fileRef = 4FE17DC818E44D3F88D6F88A /* Strings.swift */; };
		AA000008000000000000008 /* BinkyPreferences.swift in Sources */ = {isa = PBXBuildFile; fileRef = F5D3DAE858994431BC84C13F /* BinkyPreferences.swift */; };
		AA000009000000000000009 /* DropZoneView.swift in Sources */ = {isa = PBXBuildFile; fileRef = 56D9DE1C999B470FBB27E454 /* DropZoneView.swift */; };
		AA000012000000000000012 /* Assets.xcassets in Resources */ = {isa = PBXBuildFile; fileRef = 74EE7205601D464484113FEB /* Assets.xcassets */; };
		AA000013000000000000013 /* Preview Content/Preview Assets.xcassets in Resources */ = {isa = PBXBuildFile; fileRef = E71A34AFC5CA41FDACAEE19D /* Preview Content/Preview Assets.xcassets */; };
		AG000001000000000000001 /* View+AdaptiveGlass.swift in Sources */ = {isa = PBXBuildFile; fileRef = AG100001000000000000001 /* View+AdaptiveGlass.swift */; };
		AI000001000000000000001 /* AppIcon.icon in Resources */ = {isa = PBXBuildFile; fileRef = AI100001000000000000001 /* AppIcon.icon */; };
		ASH00001000000000000001 /* BinkyAppShortcuts.swift in Sources */ = {isa = PBXBuildFile; fileRef = ASH10001000000000000001 /* BinkyAppShortcuts.swift */; };
		DIGEST00001BR000001 /* SortDigestScheduler.swift in Sources */ = {isa = PBXBuildFile; fileRef = DIGEST10001FR000001 /* SortDigestScheduler.swift */; };
		WKBUD000001BLD00001 /* WeeklyDigestBuilder.swift in Sources */ = {isa = PBXBuildFile; fileRef = WKBUD100001FR00001 /* WeeklyDigestBuilder.swift */; };
		WKEXP000001BLD00001 /* WeeklyDigestExporter.swift in Sources */ = {isa = PBXBuildFile; fileRef = WKEXP100001FR00001 /* WeeklyDigestExporter.swift */; };
		WKDSC000001BLD00001 /* WeeklyDigestShareCard.swift in Sources */ = {isa = PBXBuildFile; fileRef = WKDSC100001FR00001 /* WeeklyDigestShareCard.swift */; };
		QKSRT000001BLD00001 /* MainWindowMode.swift in Sources */ = {isa = PBXBuildFile; fileRef = QKSRT100001FR00001 /* MainWindowMode.swift */; };
		FILEAG00001BR000001 /* FileAgingService.swift in Sources */ = {isa = PBXBuildFile; fileRef = FILEAG10001FR000001 /* FileAgingService.swift */; };
		DD000003000000000000003 /* AppDelegate.swift in Sources */ = {isa = PBXBuildFile; fileRef = DD000002000000000000002 /* AppDelegate.swift */; };
		DR000001000000000000001 /* DiagnosticsReporter.swift in Sources */ = {isa = PBXBuildFile; fileRef = DR100001000000000000001 /* DiagnosticsReporter.swift */; };
		BAC00200000000000000001 /* BinkyActivationPolicy.swift in Sources */ = {isa = PBXBuildFile; fileRef = BAC00100000000000000001 /* BinkyActivationPolicy.swift */; };
		BMBC0020000000000000001 /* BinkyMenuBarController.swift in Sources */ = {isa = PBXBuildFile; fileRef = BMBC0010000000000000001 /* BinkyMenuBarController.swift */; };
		DST00009900000000000001 /* DownloadSortServices.swift in Sources */ = {isa = PBXBuildFile; fileRef = DST10009900000000000001 /* DownloadSortServices.swift */; };
		DNKBLD1000010000000001 /* DinkyBridge.swift in Sources */ = {isa = PBXBuildFile; fileRef = DNKBRG1000010000000001 /* DinkyBridge.swift */; };
		NTEXP002000000000000001 /* NewTagExpiry.swift in Sources */ = {isa = PBXBuildFile; fileRef = NTEXP102000000000000001 /* NewTagExpiry.swift */; };
		SPSH0020000000000000001 /* SortPreviewSheet.swift in Sources */ = {isa = PBXBuildFile; fileRef = SPSH0010000000000000001 /* SortPreviewSheet.swift */; };
		DCPS0020000000000000001 /* DailyCalmPreviewSheet.swift in Sources */ = {isa = PBXBuildFile; fileRef = DCPS0010000000000000001 /* DailyCalmPreviewSheet.swift */; };
		FW000001000000000000001 /* FolderWatcher.swift in Sources */ = {isa = PBXBuildFile; fileRef = FW100001000000000000001 /* FolderWatcher.swift */; };
		WR000001000000000000001 /* WatchRegistry.swift in Sources */ = {isa = PBXBuildFile; fileRef = WR100001000000000000001 /* WatchRegistry.swift */; };
		GH000001000000000000001 /* GlobalHotkeyManager.swift in Sources */ = {isa = PBXBuildFile; fileRef = GH100001000000000000001 /* GlobalHotkeyManager.swift */; };
		HM000001000000000000001 /* Help.md in Resources */ = {isa = PBXBuildFile; fileRef = HMVGRP00000000000000001 /* Help.md */; };
		HS000001000000000000001 /* HistorySheet.swift in Sources */ = {isa = PBXBuildFile; fileRef = HS100001000000000000001 /* HistorySheet.swift */; };
		HW000001000000000000001 /* HelpWindow.swift in Sources */ = {isa = PBXBuildFile; fileRef = HW100001000000000000001 /* HelpWindow.swift */; };
		ICAT00000100000000000001 /* InfoPlist.xcstrings in Resources */ = {isa = PBXBuildFile; fileRef = ICATREF0000000000000001 /* InfoPlist.xcstrings */; };
		KS000001000000000000001 /* CustomShortcut.swift in Sources */ = {isa = PBXBuildFile; fileRef = KS100001000000000000001 /* CustomShortcut.swift */; };
		LCAT00000100000000000001 /* Localizable.xcstrings in Resources */ = {isa = PBXBuildFile; fileRef = LCATREF0000000000000001 /* Localizable.xcstrings */; };
		LL000001000000000000001 /* LaunchAtLoginManager.swift in Sources */ = {isa = PBXBuildFile; fileRef = LL100001000000000000001 /* LaunchAtLoginManager.swift */; };
		OES000001000000000000001 /* OrganizerEmptyStateView.swift in Sources */ = {isa = PBXBuildFile; fileRef = OES100001000000000000001 /* OrganizerEmptyStateView.swift */; };
		ORGMAIN001000000000000001 /* OrganizerMainView.swift in Sources */ = {isa = PBXBuildFile; fileRef = ORGMAIN100001000000000001 /* OrganizerMainView.swift */; };
		ORGVM00000100000000000001 /* OrganizerViewModel.swift in Sources */ = {isa = PBXBuildFile; fileRef = ORGVM10000100000000000001 /* OrganizerViewModel.swift */; };
		RB000001000000000000001 /* ReviewPromptBanner.swift in Sources */ = {isa = PBXBuildFile; fileRef = RB100001000000000000001 /* ReviewPromptBanner.swift */; };
		RSYNTH00001BR000001 /* RuleSynthesizer.swift in Sources */ = {isa = PBXBuildFile; fileRef = RSYNTH10001FR000001 /* RuleSynthesizer.swift */; };
		SC000001000000000000001 /* SettingsChrome.swift in Sources */ = {isa = PBXBuildFile; fileRef = SC100001000000000000001 /* SettingsChrome.swift */; };
		SH000001000000000000001 /* ShortcutRecorderField.swift in Sources */ = {isa = PBXBuildFile; fileRef = SH100001000000000000001 /* ShortcutRecorderField.swift */; };
		SR000001000000000000001 /* SessionRecord.swift in Sources */ = {isa = PBXBuildFile; fileRef = SR100001000000000000001 /* SessionRecord.swift */; };
		SRTINT001000000000000001 /* SortFilesWithBinkyIntent.swift in Sources */ = {isa = PBXBuildFile; fileRef = SRTINT100001000000000001 /* SortFilesWithBinkyIntent.swift */; };
		SSR000001000000000000001 /* SummaryStatRow.swift in Sources */ = {isa = PBXBuildFile; fileRef = SSR100001000000000000001 /* SummaryStatRow.swift */; };
		UB000001000000000000001 /* UpdateBanner.swift in Sources */ = {isa = PBXBuildFile; fileRef = UB100001000000000000001 /* UpdateBanner.swift */; };
		UC000001000000000000001 /* UpdateChecker.swift in Sources */ = {isa = PBXBuildFile; fileRef = UC100001000000000000001 /* UpdateChecker.swift */; };
		XTBLD00000000000000002 /* DownloadSortClassificationTests.swift in Sources */ = {isa = PBXBuildFile; fileRef = XTREF00000000000000002 /* DownloadSortClassificationTests.swift */; };
		WFTSTBLD000000000000001 /* WhereFromsTests.swift in Sources */ = {isa = PBXBuildFile; fileRef = WFTSTREF000000000000001 /* WhereFromsTests.swift */; };
		FTTST200001BK000001 /* FinderTagCompositionTests.swift in Sources */ = {isa = PBXBuildFile; fileRef = FTTST100001FR000001 /* FinderTagCompositionTests.swift */; };
		ATOBKB00000000000000001 /* RoutinesOverhaulTests.swift in Sources */ = {isa = PBXBuildFile; fileRef = ATOBKF00000000000000001 /* RoutinesOverhaulTests.swift */; };
		HRDNTBLD000000000000001 /* HardeningTests.swift in Sources */ = {isa = PBXBuildFile; fileRef = HRDNTREF000000000000001 /* HardeningTests.swift */; };
		SPTKR200001BK000002 /* SortProgressTracker.swift in Sources */ = {isa = PBXBuildFile; fileRef = SPTKR100001FR000001 /* SortProgressTracker.swift */; };
		BBAR200001BK000002 /* BinkySortProgressBar.swift in Sources */ = {isa = PBXBuildFile; fileRef = BBAR100001FR000001 /* BinkySortProgressBar.swift */; };
		CURS200001BK000002 /* CurrentlySortingSheet.swift in Sources */ = {isa = PBXBuildFile; fileRef = CURS100001FR000001 /* CurrentlySortingSheet.swift */; };
		SRTVC00001BR000001 /* SortVoiceCopy.swift in Sources */ = {isa = PBXBuildFile; fileRef = SRTVC10001FR000001 /* SortVoiceCopy.swift */; };
		RVTRI00001BR000001 /* ReviewFolderTriageSheet.swift in Sources */ = {isa = PBXBuildFile; fileRef = RVTRI10001FR000001 /* ReviewFolderTriageSheet.swift */; };
/* End PBXBuildFile section */

/* Begin PBXContainerItemProxy section */
		XTCP00000000000000001 /* PBXContainerItemProxy */ = {
			isa = PBXContainerItemProxy;
			containerPortal = 30998CF249484469BEA4BC05 /* Project object */;
			proxyType = 1;
			remoteGlobalIDString = 1224039F8B5340EE9F91589E;
			remoteInfo = Binky;
		};
/* End PBXContainerItemProxy section */

/* Begin PBXFileReference section */
		06FD4F8D9AC8412C83F517C6 /* Binky.app */ = {isa = PBXFileReference; explicitFileType = wrapper.application; includeInIndex = 0; path = Binky.app; sourceTree = BUILT_PRODUCTS_DIR; };
		1983E259BC5A494A9D936B63 /* BinkyApp.swift */ = {isa = PBXFileReference; lastKnownFileType = sourcecode.swift; path = BinkyApp.swift; sourceTree = "<group>"; };
		BKEXPRF00000100000001 /* BinkyExportedDependencies.swift */ = {isa = PBXFileReference; lastKnownFileType = sourcecode.swift; path = BinkyExportedDependencies.swift; sourceTree = "<group>"; };
		4FE17DC818E44D3F88D6F88A /* Strings.swift */ = {isa = PBXFileReference; lastKnownFileType = sourcecode.swift; path = Strings.swift; sourceTree = "<group>"; };
		56D9DE1C999B470FBB27E454 /* DropZoneView.swift */ = {isa = PBXFileReference; lastKnownFileType = sourcecode.swift; path = DropZoneView.swift; sourceTree = "<group>"; };
		5BC7D00FC2B14EF09CB7F833 /* README.md */ = {isa = PBXFileReference; lastKnownFileType = net.daringfireball.markdown; path = README.md; sourceTree = "<group>"; };
		74EE7205601D464484113FEB /* Assets.xcassets */ = {isa = PBXFileReference; lastKnownFileType = folder.assetcatalog; path = Assets.xcassets; sourceTree = "<group>"; };
		89ED8C350A5D404EA5F1CCF6 /* PreferencesView.swift */ = {isa = PBXFileReference; lastKnownFileType = sourcecode.swift; path = PreferencesView.swift; sourceTree = "<group>"; };
		96F9AD6A1BD04233828DC140 /* ContentView.swift */ = {isa = PBXFileReference; lastKnownFileType = sourcecode.swift; path = ContentView.swift; sourceTree = "<group>"; };
		AG100001000000000000001 /* View+AdaptiveGlass.swift */ = {isa = PBXFileReference; lastKnownFileType = sourcecode.swift; path = "View+AdaptiveGlass.swift"; sourceTree = "<group>"; };
		AI100001000000000000001 /* AppIcon.icon */ = {isa = PBXFileReference; lastKnownFileType = folder.iconcomposer.icon; path = AppIcon.icon; sourceTree = "<group>"; };
		ASH10001000000000000001 /* BinkyAppShortcuts.swift */ = {isa = PBXFileReference; lastKnownFileType = sourcecode.swift; path = BinkyAppShortcuts.swift; sourceTree = "<group>"; };
		DIGEST10001FR000001 /* SortDigestScheduler.swift */ = {isa = PBXFileReference; lastKnownFileType = sourcecode.swift; path = SortDigestScheduler.swift; sourceTree = "<group>"; };
		WKBUD100001FR00001 /* WeeklyDigestBuilder.swift */ = {isa = PBXFileReference; lastKnownFileType = sourcecode.swift; path = WeeklyDigestBuilder.swift; sourceTree = "<group>"; };
		WKEXP100001FR00001 /* WeeklyDigestExporter.swift */ = {isa = PBXFileReference; lastKnownFileType = sourcecode.swift; path = WeeklyDigestExporter.swift; sourceTree = "<group>"; };
		WKDSC100001FR00001 /* WeeklyDigestShareCard.swift */ = {isa = PBXFileReference; lastKnownFileType = sourcecode.swift; path = WeeklyDigestShareCard.swift; sourceTree = "<group>"; };
		QKSRT100001FR00001 /* MainWindowMode.swift */ = {isa = PBXFileReference; lastKnownFileType = sourcecode.swift; path = MainWindowMode.swift; sourceTree = "<group>"; };
		DD000001000000000000001 /* Info.plist */ = {isa = PBXFileReference; lastKnownFileType = text.plist.xml; path = Info.plist; sourceTree = "<group>"; };
		DD000002000000000000002 /* AppDelegate.swift */ = {isa = PBXFileReference; lastKnownFileType = sourcecode.swift; path = AppDelegate.swift; sourceTree = "<group>"; };
		DR100001000000000000001 /* DiagnosticsReporter.swift */ = {isa = PBXFileReference; lastKnownFileType = sourcecode.swift; path = DiagnosticsReporter.swift; sourceTree = "<group>"; };
		DST10009900000000000001 /* DownloadSortServices.swift */ = {isa = PBXFileReference; lastKnownFileType = sourcecode.swift; path = DownloadSortServices.swift; sourceTree = "<group>"; };
		DNKBRG1000010000000001 /* DinkyBridge.swift */ = {isa = PBXFileReference; lastKnownFileType = sourcecode.swift; path = DinkyBridge.swift; sourceTree = "<group>"; };
		NTEXP102000000000000001 /* NewTagExpiry.swift */ = {isa = PBXFileReference; lastKnownFileType = sourcecode.swift; path = NewTagExpiry.swift; sourceTree = "<group>"; };
		BAC00100000000000000001 /* BinkyActivationPolicy.swift */ = {isa = PBXFileReference; lastKnownFileType = sourcecode.swift; path = BinkyActivationPolicy.swift; sourceTree = "<group>"; };
		BMBC0010000000000000001 /* BinkyMenuBarController.swift */ = {isa = PBXFileReference; lastKnownFileType = sourcecode.swift; path = BinkyMenuBarController.swift; sourceTree = "<group>"; };
		SRTVC10001FR000001 /* SortVoiceCopy.swift */ = {isa = PBXFileReference; lastKnownFileType = sourcecode.swift; path = SortVoiceCopy.swift; sourceTree = "<group>"; };
		RVTRI10001FR000001 /* ReviewFolderTriageSheet.swift */ = {isa = PBXFileReference; lastKnownFileType = sourcecode.swift; path = ReviewFolderTriageSheet.swift; sourceTree = "<group>"; };
		SPSH0010000000000000001 /* SortPreviewSheet.swift */ = {isa = PBXFileReference; lastKnownFileType = sourcecode.swift; path = SortPreviewSheet.swift; sourceTree = "<group>"; };
		DCPS0010000000000000001 /* DailyCalmPreviewSheet.swift */ = {isa = PBXFileReference; lastKnownFileType = sourcecode.swift; path = DailyCalmPreviewSheet.swift; sourceTree = "<group>"; };
		E71A34AFC5CA41FDACAEE19D /* Preview Content/Preview Assets.xcassets */ = {isa = PBXFileReference; lastKnownFileType = folder.assetcatalog; path = "Preview Content/Preview Assets.xcassets"; sourceTree = "<group>"; };
		F5D3DAE858994431BC84C13F /* BinkyPreferences.swift */ = {isa = PBXFileReference; lastKnownFileType = sourcecode.swift; path = BinkyPreferences.swift; sourceTree = "<group>"; };
		BKSRURF00000100000001 /* SortRule+ReviewDraft.swift */ = {isa = PBXFileReference; lastKnownFileType = sourcecode.swift; path = "SortRule+ReviewDraft.swift"; sourceTree = "<group>"; };
		F68BBF685BAD4911BEC725DB /* Binky.entitlements */ = {isa = PBXFileReference; lastKnownFileType = text.plist.entitlements; path = Binky.entitlements; sourceTree = "<group>"; };
		FILEAG10001FR000001 /* FileAgingService.swift */ = {isa = PBXFileReference; lastKnownFileType = sourcecode.swift; path = FileAgingService.swift; sourceTree = "<group>"; };
		FILHS10001FR000001 /* FileHashStore.swift */ = {isa = PBXFileReference; lastKnownFileType = sourcecode.swift; path = FileHashStore.swift; sourceTree = "<group>"; };
		FW100001000000000000001 /* FolderWatcher.swift */ = {isa = PBXFileReference; lastKnownFileType = sourcecode.swift; path = FolderWatcher.swift; sourceTree = "<group>"; };
		GH100001000000000000001 /* GlobalHotkeyManager.swift */ = {isa = PBXFileReference; lastKnownFileType = sourcecode.swift; path = GlobalHotkeyManager.swift; sourceTree = "<group>"; };
		HMDE0000000000000000001 /* Help.md */ = {isa = PBXFileReference; lastKnownFileType = net.daringfireball.markdown; name = Help.md; path = de.lproj/Help.md; sourceTree = "<group>"; };
		HMEN0000000000000000001 /* Help.md */ = {isa = PBXFileReference; lastKnownFileType = net.daringfireball.markdown; name = Help.md; path = en.lproj/Help.md; sourceTree = "<group>"; };
		HMES0000000000000000001 /* Help.md */ = {isa = PBXFileReference; lastKnownFileType = net.daringfireball.markdown; name = Help.md; path = es.lproj/Help.md; sourceTree = "<group>"; };
		HMFR0000000000000000001 /* Help.md */ = {isa = PBXFileReference; lastKnownFileType = net.daringfireball.markdown; name = Help.md; path = fr.lproj/Help.md; sourceTree = "<group>"; };
		HMIT0000000000000000001 /* Help.md */ = {isa = PBXFileReference; lastKnownFileType = net.daringfireball.markdown; name = Help.md; path = it.lproj/Help.md; sourceTree = "<group>"; };
		HMJA0000000000000000001 /* Help.md */ = {isa = PBXFileReference; lastKnownFileType = net.daringfireball.markdown; name = Help.md; path = ja.lproj/Help.md; sourceTree = "<group>"; };
		HMKO0000000000000000001 /* Help.md */ = {isa = PBXFileReference; lastKnownFileType = net.daringfireball.markdown; name = Help.md; path = ko.lproj/Help.md; sourceTree = "<group>"; };
		HMNL0000000000000000001 /* Help.md */ = {isa = PBXFileReference; lastKnownFileType = net.daringfireball.markdown; name = Help.md; path = nl.lproj/Help.md; sourceTree = "<group>"; };
		HMPT0000000000000000001 /* Help.md */ = {isa = PBXFileReference; lastKnownFileType = net.daringfireball.markdown; name = Help.md; path = "pt-BR.lproj/Help.md"; sourceTree = "<group>"; };
		HMRU0000000000000000001 /* Help.md */ = {isa = PBXFileReference; lastKnownFileType = net.daringfireball.markdown; name = Help.md; path = ru.lproj/Help.md; sourceTree = "<group>"; };
		HMTR0000000000000000001 /* Help.md */ = {isa = PBXFileReference; lastKnownFileType = net.daringfireball.markdown; name = Help.md; path = tr.lproj/Help.md; sourceTree = "<group>"; };
		HMZH0000000000000000001 /* Help.md */ = {isa = PBXFileReference; lastKnownFileType = net.daringfireball.markdown; name = Help.md; path = "zh-Hans.lproj/Help.md"; sourceTree = "<group>"; };
		HMZHT000000000000000001 /* Help.md */ = {isa = PBXFileReference; lastKnownFileType = net.daringfireball.markdown; name = Help.md; path = "zh-Hant.lproj/Help.md"; sourceTree = "<group>"; };
		HS100001000000000000001 /* HistorySheet.swift */ = {isa = PBXFileReference; lastKnownFileType = sourcecode.swift; path = HistorySheet.swift; sourceTree = "<group>"; };
		HW100001000000000000001 /* HelpWindow.swift */ = {isa = PBXFileReference; lastKnownFileType = sourcecode.swift; path = HelpWindow.swift; sourceTree = "<group>"; };
		ICATREF0000000000000001 /* InfoPlist.xcstrings */ = {isa = PBXFileReference; lastKnownFileType = text.json.xcstrings; path = InfoPlist.xcstrings; sourceTree = "<group>"; };
		KS100001000000000000001 /* CustomShortcut.swift */ = {isa = PBXFileReference; lastKnownFileType = sourcecode.swift; path = CustomShortcut.swift; sourceTree = "<group>"; };
		LCATREF0000000000000001 /* Localizable.xcstrings */ = {isa = PBXFileReference; lastKnownFileType = text.json.xcstrings; path = Localizable.xcstrings; sourceTree = "<group>"; };
		LL100001000000000000001 /* LaunchAtLoginManager.swift */ = {isa = PBXFileReference; lastKnownFileType = sourcecode.swift; path = LaunchAtLoginManager.swift; sourceTree = "<group>"; };
		OES100001000000000000001 /* OrganizerEmptyStateView.swift */ = {isa = PBXFileReference; lastKnownFileType = sourcecode.swift; path = OrganizerEmptyStateView.swift; sourceTree = "<group>"; };
		ORGMAIN100001000000000001 /* OrganizerMainView.swift */ = {isa = PBXFileReference; lastKnownFileType = sourcecode.swift; path = OrganizerMainView.swift; sourceTree = "<group>"; };
		ORGVM10000100000000000001 /* OrganizerViewModel.swift */ = {isa = PBXFileReference; lastKnownFileType = sourcecode.swift; path = OrganizerViewModel.swift; sourceTree = "<group>"; };
		RB100001000000000000001 /* ReviewPromptBanner.swift */ = {isa = PBXFileReference; lastKnownFileType = sourcecode.swift; path = ReviewPromptBanner.swift; sourceTree = "<group>"; };
		RSYNTH10001FR000001 /* RuleSynthesizer.swift */ = {isa = PBXFileReference; lastKnownFileType = sourcecode.swift; path = RuleSynthesizer.swift; sourceTree = "<group>"; };
		SC100001000000000000001 /* SettingsChrome.swift */ = {isa = PBXFileReference; lastKnownFileType = sourcecode.swift; path = SettingsChrome.swift; sourceTree = "<group>"; };
		SH100001000000000000001 /* ShortcutRecorderField.swift */ = {isa = PBXFileReference; lastKnownFileType = sourcecode.swift; path = ShortcutRecorderField.swift; sourceTree = "<group>"; };
		SR100001000000000000001 /* SessionRecord.swift */ = {isa = PBXFileReference; lastKnownFileType = sourcecode.swift; path = SessionRecord.swift; sourceTree = "<group>"; };
		SRTINT100001000000000001 /* SortFilesWithBinkyIntent.swift */ = {isa = PBXFileReference; lastKnownFileType = sourcecode.swift; path = SortFilesWithBinkyIntent.swift; sourceTree = "<group>"; };
		SSR100001000000000000001 /* SummaryStatRow.swift */ = {isa = PBXFileReference; lastKnownFileType = sourcecode.swift; path = SummaryStatRow.swift; sourceTree = "<group>"; };
		UB100001000000000000001 /* UpdateBanner.swift */ = {isa = PBXFileReference; lastKnownFileType = sourcecode.swift; path = UpdateBanner.swift; sourceTree = "<group>"; };
		UC100001000000000000001 /* UpdateChecker.swift */ = {isa = PBXFileReference; lastKnownFileType = sourcecode.swift; path = UpdateChecker.swift; sourceTree = "<group>"; };
		WR100001000000000000001 /* WatchRegistry.swift */ = {isa = PBXFileReference; lastKnownFileType = sourcecode.swift; path = WatchRegistry.swift; sourceTree = "<group>"; };
		XTPRD00000000000000001 /* BinkyTests.xctest */ = {isa = PBXFileReference; explicitFileType = wrapper.cfbundle; includeInIndex = 0; path = BinkyTests.xctest; sourceTree = BUILT_PRODUCTS_DIR; };
		XTREF00000000000000002 /* DownloadSortClassificationTests.swift */ = {isa = PBXFileReference; lastKnownFileType = sourcecode.swift; path = DownloadSortClassificationTests.swift; sourceTree = "<group>"; };
		WFTSTREF000000000000001 /* WhereFromsTests.swift */ = {isa = PBXFileReference; lastKnownFileType = sourcecode.swift; path = WhereFromsTests.swift; sourceTree = "<group>"; };
		FTTST100001FR000001 /* FinderTagCompositionTests.swift */ = {isa = PBXFileReference; lastKnownFileType = sourcecode.swift; path = FinderTagCompositionTests.swift; sourceTree = "<group>"; };
		ATOBKF00000000000000001 /* RoutinesOverhaulTests.swift */ = {isa = PBXFileReference; lastKnownFileType = sourcecode.swift; path = RoutinesOverhaulTests.swift; sourceTree = "<group>"; };
		HRDNTREF000000000000001 /* HardeningTests.swift */ = {isa = PBXFileReference; lastKnownFileType = sourcecode.swift; path = HardeningTests.swift; sourceTree = "<group>"; };
		SPTKR100001FR000001 /* SortProgressTracker.swift */ = {isa = PBXFileReference; lastKnownFileType = sourcecode.swift; path = SortProgressTracker.swift; sourceTree = "<group>"; };
		BBAR100001FR000001 /* BinkySortProgressBar.swift */ = {isa = PBXFileReference; lastKnownFileType = sourcecode.swift; path = BinkySortProgressBar.swift; sourceTree = "<group>"; };
		CURS100001FR000001 /* CurrentlySortingSheet.swift */ = {isa = PBXFileReference; lastKnownFileType = sourcecode.swift; path = CurrentlySortingSheet.swift; sourceTree = "<group>"; };
/* End PBXFileReference section */

/* Begin PBXFrameworksBuildPhase section */
		E21DF18078534E6AAFC3CD56 /* Frameworks */ = {
			isa = PBXFrameworksBuildPhase;
			buildActionMask = 2147483647;
			files = (
			);
			runOnlyForDeploymentPostprocessing = 0;
		};
		XTFR00000000000000001 /* Frameworks */ = {
			isa = PBXFrameworksBuildPhase;
			buildActionMask = 2147483647;
			files = (
			);
			runOnlyForDeploymentPostprocessing = 0;
		};
/* End PBXFrameworksBuildPhase section */

/* Begin PBXGroup section */
		0E8A023749E745F7BB24F03D /* Models */ = {
			isa = PBXGroup;
			children = (
				F5D3DAE858994431BC84C13F /* BinkyPreferences.swift */,
				BKSRURF00000100000001 /* SortRule+ReviewDraft.swift */,
				SR100001000000000000001 /* SessionRecord.swift */,
				KS100001000000000000001 /* CustomShortcut.swift */,
			);
			path = Models;
			sourceTree = "<group>";
		};
		32ED8DD8E46E4623979A137D /* Views */ = {
			isa = PBXGroup;
			children = (
				BBAR100001FR000001 /* BinkySortProgressBar.swift */,
				CURS100001FR000001 /* CurrentlySortingSheet.swift */,
				SPSH0010000000000000001 /* SortPreviewSheet.swift */,
				DCPS0010000000000000001 /* DailyCalmPreviewSheet.swift */,
				56D9DE1C999B470FBB27E454 /* DropZoneView.swift */,
				OES100001000000000000001 /* OrganizerEmptyStateView.swift */,
				SSR100001000000000000001 /* SummaryStatRow.swift */,
				SC100001000000000000001 /* SettingsChrome.swift */,
				UB100001000000000000001 /* UpdateBanner.swift */,
				RB100001000000000000001 /* ReviewPromptBanner.swift */,
				RVTRI10001FR000001 /* ReviewFolderTriageSheet.swift */,
				HS100001000000000000001 /* HistorySheet.swift */,
				HW100001000000000000001 /* HelpWindow.swift */,
				QKSRT100001FR00001 /* MainWindowMode.swift */,
				WKDSC100001FR00001 /* WeeklyDigestShareCard.swift */,
				SH100001000000000000001 /* ShortcutRecorderField.swift */,
			);
			path = Views;
			sourceTree = "<group>";
		};
		3337D9E5CCB647BAA20571DE /* Products */ = {
			isa = PBXGroup;
			children = (
				06FD4F8D9AC8412C83F517C6 /* Binky.app */,
				XTPRD00000000000000001 /* BinkyTests.xctest */,
			);
			name = Products;
			sourceTree = "<group>";
		};
		4E72C0A5F2794B39AD3A51DF /* Binky */ = {
			isa = PBXGroup;
			children = (
				1983E259BC5A494A9D936B63 /* BinkyApp.swift */,
				BKEXPRF00000100000001 /* BinkyExportedDependencies.swift */,
				DD000002000000000000002 /* AppDelegate.swift */,
				96F9AD6A1BD04233828DC140 /* ContentView.swift */,
				ORGVM10000100000000000001 /* OrganizerViewModel.swift */,
				ORGMAIN100001000000000001 /* OrganizerMainView.swift */,
				89ED8C350A5D404EA5F1CCF6 /* PreferencesView.swift */,
				4FE17DC818E44D3F88D6F88A /* Strings.swift */,
				LCATREF0000000000000001 /* Localizable.xcstrings */,
				ICATREF0000000000000001 /* InfoPlist.xcstrings */,
				0E8A023749E745F7BB24F03D /* Models */,
				32ED8DD8E46E4623979A137D /* Views */,
				SV100001000000000000001 /* Services */,
				EX100001000000000000001 /* Extensions */,
				INTGRP001000000000000001 /* Intents */,
				9C5E5DA78AAF4A25B1599477 /* Resources */,
				74EE7205601D464484113FEB /* Assets.xcassets */,
				F68BBF685BAD4911BEC725DB /* Binky.entitlements */,
				DD000001000000000000001 /* Info.plist */,
				E71A34AFC5CA41FDACAEE19D /* Preview Content/Preview Assets.xcassets */,
			);
			path = Binky;
			sourceTree = "<group>";
		};
		9C5E5DA78AAF4A25B1599477 /* Resources */ = {
			isa = PBXGroup;
			children = (
				E168EFE304164DA3B71EFE4F /* bin */,
				HMVGRP00000000000000001 /* Help.md */,
			);
			path = Resources;
			sourceTree = "<group>";
		};
		AABBCCDD00000000000000001 = {
			isa = PBXGroup;
			children = (
				4E72C0A5F2794B39AD3A51DF /* Binky */,
				XTGRP00000000000000001 /* BinkyTests */,
				AI100001000000000000001 /* AppIcon.icon */,
				3337D9E5CCB647BAA20571DE /* Products */,
			);
			sourceTree = "<group>";
		};
		E168EFE304164DA3B71EFE4F /* bin */ = {
			isa = PBXGroup;
			children = (
				5BC7D00FC2B14EF09CB7F833 /* README.md */,
			);
			path = bin;
			sourceTree = "<group>";
		};
		EX100001000000000000001 /* Extensions */ = {
			isa = PBXGroup;
			children = (
				AG100001000000000000001 /* View+AdaptiveGlass.swift */,
			);
			path = Extensions;
			sourceTree = "<group>";
		};
		INTGRP001000000000000001 /* Intents */ = {
			isa = PBXGroup;
			children = (
				SRTINT100001000000000001 /* SortFilesWithBinkyIntent.swift */,
				ASH10001000000000000001 /* BinkyAppShortcuts.swift */,
			);
			path = Intents;
			sourceTree = "<group>";
		};
		SV100001000000000000001 /* Services */ = {
			isa = PBXGroup;
			children = (
				DIGEST10001FR000001 /* SortDigestScheduler.swift */,
				WKBUD100001FR00001 /* WeeklyDigestBuilder.swift */,
				WKEXP100001FR00001 /* WeeklyDigestExporter.swift */,
				DR100001000000000000001 /* DiagnosticsReporter.swift */,
				FILEAG10001FR000001 /* FileAgingService.swift */,
				RSYNTH10001FR000001 /* RuleSynthesizer.swift */,
				SPTKR100001FR000001 /* SortProgressTracker.swift */,
				UC100001000000000000001 /* UpdateChecker.swift */,
				LL100001000000000000001 /* LaunchAtLoginManager.swift */,
				BAC00100000000000000001 /* BinkyActivationPolicy.swift */,
				BMBC0010000000000000001 /* BinkyMenuBarController.swift */,
				FW100001000000000000001 /* FolderWatcher.swift */,
				SRTVC10001FR000001 /* SortVoiceCopy.swift */,
				DST10009900000000000001 /* DownloadSortServices.swift */,
				DNKBRG1000010000000001 /* DinkyBridge.swift */,
				NTEXP102000000000000001 /* NewTagExpiry.swift */,
				WR100001000000000000001 /* WatchRegistry.swift */,
				GH100001000000000000001 /* GlobalHotkeyManager.swift */,
			);
			path = Services;
			sourceTree = "<group>";
		};
		XTGRP00000000000000001 /* BinkyTests */ = {
			isa = PBXGroup;
			children = (
				XTREF00000000000000002 /* DownloadSortClassificationTests.swift */,
				WFTSTREF000000000000001 /* WhereFromsTests.swift */,
				FTTST100001FR000001 /* FinderTagCompositionTests.swift */,
				ATOBKF00000000000000001 /* RoutinesOverhaulTests.swift */,
				HRDNTREF000000000000001 /* HardeningTests.swift */,
			);
			path = BinkyTests;
			sourceTree = "<group>";
		};
/* End PBXGroup section */

/* Begin PBXNativeTarget section */
		1224039F8B5340EE9F91589E /* Binky */ = {
			isa = PBXNativeTarget;
			buildConfigurationList = 90BA7AAE78454AE280292FF6 /* Build configuration list for PBXNativeTarget "Binky" */;
			buildPhases = (
				998A23993F5848F1B732DC47 /* Sources */,
				E21DF18078534E6AAFC3CD56 /* Frameworks */,
				E3643529CC4842C6B993EE52 /* Resources */,
			);
			buildRules = (
			);
			dependencies = (
			);
			name = Binky;
			packageProductDependencies = (
				BCORESPD000001000001 /* BinkyCoreShared */,
				BCORESPD000002000001 /* BinkyCoreSort */,
			);
			productName = Binky;
			productReference = 06FD4F8D9AC8412C83F517C6 /* Binky.app */;
			productType = "com.apple.product-type.application";
		};
		XTGT00000000000000001 /* BinkyTests */ = {
			isa = PBXNativeTarget;
			buildConfigurationList = XTCL00000000000000001 /* Build configuration list for PBXNativeTarget "BinkyTests" */;
			buildPhases = (
				XTSS00000000000000001 /* Sources */,
				XTFR00000000000000001 /* Frameworks */,
			);
			buildRules = (
			);
			dependencies = (
				XTTD00000000000000001 /* PBXTargetDependency */,
			);
			name = BinkyTests;
			packageProductDependencies = (
				BCORESPD000001000001 /* BinkyCoreShared */,
				BCORESPD000002000001 /* BinkyCoreSort */,
			);
			productName = BinkyTests;
			productReference = XTPRD00000000000000001 /* BinkyTests.xctest */;
			productType = "com.apple.product-type.bundle.unit-test";
		};
/* End PBXNativeTarget section */

/* Begin PBXProject section */
		30998CF249484469BEA4BC05 /* Project object */ = {
			isa = PBXProject;
			attributes = {
				BuildIndependentTargetsInParallel = 1;
				LastSwiftUpdateCheck = 1500;
				LastUpgradeCheck = 2640;
				TargetAttributes = {
					1224039F8B5340EE9F91589E = {
						CreatedOnToolsVersion = 15.0;
					};
				};
			};
			buildConfigurationList = 51BCE0C4C2684CF69AC58556 /* Build configuration list for PBXProject "Binky" */;
			compatibilityVersion = "Xcode 14.0";
			developmentRegion = en;
			hasScannedForEncodings = 0;
			knownRegions = (
				en,
				Base,
				de,
				es,
				fr,
				it,
				ja,
				ko,
				nl,
				"pt-BR",
				ru,
				tr,
				"zh-Hans",
				"zh-Hant",
			);
			mainGroup = AABBCCDD00000000000000001;
			packageReferences = (
				BCORELCL000001000001 /* XCLocalSwiftPackageReference "BinkyCore" */,
			);
			productRefGroup = 3337D9E5CCB647BAA20571DE /* Products */;
			projectDirPath = "";
			projectRoot = "";
			targets = (
				1224039F8B5340EE9F91589E /* Binky */,
				XTGT00000000000000001 /* BinkyTests */,
			);
		};
/* End PBXProject section */

/* Begin PBXResourcesBuildPhase section */
		E3643529CC4842C6B993EE52 /* Resources */ = {
			isa = PBXResourcesBuildPhase;
			buildActionMask = 2147483647;
			files = (
				AI000001000000000000001 /* AppIcon.icon in Resources */,
				AA000012000000000000012 /* Assets.xcassets in Resources */,
				AA000013000000000000013 /* Preview Content/Preview Assets.xcassets in Resources */,
				HM000001000000000000001 /* Help.md in Resources */,
				LCAT00000100000000000001 /* Localizable.xcstrings in Resources */,
				ICAT00000100000000000001 /* InfoPlist.xcstrings in Resources */,
			);
			runOnlyForDeploymentPostprocessing = 0;
		};
/* End PBXResourcesBuildPhase section */

/* Begin PBXShellScriptBuildPhase section */
/* End PBXShellScriptBuildPhase section */

/* Begin PBXSourcesBuildPhase section */
		998A23993F5848F1B732DC47 /* Sources */ = {
			isa = PBXSourcesBuildPhase;
			buildActionMask = 2147483647;
			files = (
				AA000001000000000000001 /* BinkyApp.swift in Sources */,
				BKEXPBLD00000100000001 /* BinkyExportedDependencies.swift in Sources */,
				DD000003000000000000003 /* AppDelegate.swift in Sources */,
				DIGEST00001BR000001 /* SortDigestScheduler.swift in Sources */,
				WKBUD000001BLD00001 /* WeeklyDigestBuilder.swift in Sources */,
				WKEXP000001BLD00001 /* WeeklyDigestExporter.swift in Sources */,
				WKDSC000001BLD00001 /* WeeklyDigestShareCard.swift in Sources */,
				QKSRT000001BLD00001 /* MainWindowMode.swift in Sources */,
				AA000002000000000000002 /* ContentView.swift in Sources */,
				ORGVM00000100000000000001 /* OrganizerViewModel.swift in Sources */,
				ORGMAIN001000000000000001 /* OrganizerMainView.swift in Sources */,
				OES000001000000000000001 /* OrganizerEmptyStateView.swift in Sources */,
				SRTINT001000000000000001 /* SortFilesWithBinkyIntent.swift in Sources */,
				AA000004000000000000004 /* PreferencesView.swift in Sources */,
				AA000005000000000000005 /* Strings.swift in Sources */,
				BKSRUBL00000100000001 /* SortRule+ReviewDraft.swift in Sources */,
				AA000008000000000000008 /* BinkyPreferences.swift in Sources */,
				AA000009000000000000009 /* DropZoneView.swift in Sources */,
				SSR000001000000000000001 /* SummaryStatRow.swift in Sources */,
				BBAR200001BK000002 /* BinkySortProgressBar.swift in Sources */,
				CURS200001BK000002 /* CurrentlySortingSheet.swift in Sources */,
				SC000001000000000000001 /* SettingsChrome.swift in Sources */,
				UC000001000000000000001 /* UpdateChecker.swift in Sources */,
				UB000001000000000000001 /* UpdateBanner.swift in Sources */,
				RB000001000000000000001 /* ReviewPromptBanner.swift in Sources */,
				RSYNTH00001BR000001 /* RuleSynthesizer.swift in Sources */,
				AG000001000000000000001 /* View+AdaptiveGlass.swift in Sources */,
				LL000001000000000000001 /* LaunchAtLoginManager.swift in Sources */,
				FW000001000000000000001 /* FolderWatcher.swift in Sources */,
				BAC00200000000000000001 /* BinkyActivationPolicy.swift in Sources */,
				BMBC0020000000000000001 /* BinkyMenuBarController.swift in Sources */,
				SPTKR200001BK000002 /* SortProgressTracker.swift in Sources */,
				DST00009900000000000001 /* DownloadSortServices.swift in Sources */,
				DNKBLD1000010000000001 /* DinkyBridge.swift in Sources */,
				RVTRI00001BR000001 /* ReviewFolderTriageSheet.swift in Sources */,
				SRTVC00001BR000001 /* SortVoiceCopy.swift in Sources */,
				SPSH0020000000000000001 /* SortPreviewSheet.swift in Sources */,
				DCPS0020000000000000001 /* DailyCalmPreviewSheet.swift in Sources */,
				HS000001000000000000001 /* HistorySheet.swift in Sources */,
				SR000001000000000000001 /* SessionRecord.swift in Sources */,
				ASH00001000000000000001 /* BinkyAppShortcuts.swift in Sources */,
				NTEXP002000000000000001 /* NewTagExpiry.swift in Sources */,
				WR000001000000000000001 /* WatchRegistry.swift in Sources */,
				HW000001000000000000001 /* HelpWindow.swift in Sources */,
				KS000001000000000000001 /* CustomShortcut.swift in Sources */,
				SH000001000000000000001 /* ShortcutRecorderField.swift in Sources */,
				GH000001000000000000001 /* GlobalHotkeyManager.swift in Sources */,
				DR000001000000000000001 /* DiagnosticsReporter.swift in Sources */,
				FILEAG00001BR000001 /* FileAgingService.swift in Sources */,
			);
			runOnlyForDeploymentPostprocessing = 0;
		};
		XTSS00000000000000001 /* Sources */ = {
			isa = PBXSourcesBuildPhase;
			buildActionMask = 2147483647;
			files = (
				XTBLD00000000000000002 /* DownloadSortClassificationTests.swift in Sources */,
				WFTSTBLD000000000000001 /* WhereFromsTests.swift in Sources */,
				FTTST200001BK000001 /* FinderTagCompositionTests.swift in Sources */,
				ATOBKB00000000000000001 /* RoutinesOverhaulTests.swift in Sources */,
				HRDNTBLD000000000000001 /* HardeningTests.swift in Sources */,
			);
			runOnlyForDeploymentPostprocessing = 0;
		};
/* End PBXSourcesBuildPhase section */

/* Begin PBXTargetDependency section */
		XTTD00000000000000001 /* PBXTargetDependency */ = {
			isa = PBXTargetDependency;
			target = 1224039F8B5340EE9F91589E /* Binky */;
			targetProxy = XTCP00000000000000001 /* PBXContainerItemProxy */;
		};
/* End PBXTargetDependency section */

/* Begin PBXVariantGroup section */
		HMVGRP00000000000000001 /* Help.md */ = {
			isa = PBXVariantGroup;
			children = (
				HMEN0000000000000000001 /* Help.md */,
				HMDE0000000000000000001 /* Help.md */,
				HMES0000000000000000001 /* Help.md */,
				HMFR0000000000000000001 /* Help.md */,
				HMIT0000000000000000001 /* Help.md */,
				HMJA0000000000000000001 /* Help.md */,
				HMKO0000000000000000001 /* Help.md */,
				HMNL0000000000000000001 /* Help.md */,
				HMPT0000000000000000001 /* Help.md */,
				HMRU0000000000000000001 /* Help.md */,
				HMTR0000000000000000001 /* Help.md */,
				HMZH0000000000000000001 /* Help.md */,
				HMZHT000000000000000001 /* Help.md */,
			);
			name = Help.md;
			sourceTree = "<group>";
		};
/* End PBXVariantGroup section */

/* Begin XCBuildConfiguration section */
		2590EFF6992F4F13862BEF4F /* Release */ = {
			isa = XCBuildConfiguration;
			buildSettings = {
				ALWAYS_SEARCH_USER_PATHS = NO;
				ASSETCATALOG_COMPILER_GENERATE_SWIFT_ASSET_SYMBOL_EXTENSIONS = YES;
				CLANG_ANALYZER_LOCALIZABILITY_NONLOCALIZED = YES;
				CLANG_ANALYZER_NONNULL = YES;
				CLANG_ANALYZER_NUMBER_OBJECT_CONVERSION = YES_AGGRESSIVE;
				CLANG_CXX_LANGUAGE_STANDARD = "gnu++20";
				CLANG_ENABLE_MODULES = YES;
				CLANG_ENABLE_OBJC_ARC = YES;
				CLANG_ENABLE_OBJC_WEAK = YES;
				CLANG_WARN_BLOCK_CAPTURE_AUTORELEASING = YES;
				CLANG_WARN_BOOL_CONVERSION = YES;
				CLANG_WARN_COMMA = YES;
				CLANG_WARN_CONSTANT_CONVERSION = YES;
				CLANG_WARN_DEPRECATED_OBJC_IMPLEMENTATIONS = YES;
				CLANG_WARN_DIRECT_OBJC_ISA_USAGE = YES_ERROR;
				CLANG_WARN_DOCUMENTATION_COMMENTS = YES;
				CLANG_WARN_EMPTY_BODY = YES;
				CLANG_WARN_ENUM_CONVERSION = YES;
				CLANG_WARN_INFINITE_RECURSION = YES;
				CLANG_WARN_INT_CONVERSION = YES;
				CLANG_WARN_NON_LITERAL_NULL_CONVERSION = YES;
				CLANG_WARN_OBJC_IMPLICIT_RETAIN_SELF = YES;
				CLANG_WARN_OBJC_LITERAL_CONVERSION = YES;
				CLANG_WARN_OBJC_ROOT_CLASS = YES_ERROR;
				CLANG_WARN_QUOTED_INCLUDE_IN_FRAMEWORK_HEADER = YES;
				CLANG_WARN_RANGE_LOOP_ANALYSIS = YES;
				CLANG_WARN_STRICT_PROTOTYPES = YES;
				CLANG_WARN_SUSPICIOUS_MOVE = YES;
				CLANG_WARN_UNGUARDED_AVAILABILITY = YES_AGGRESSIVE;
				CLANG_WARN_UNREACHABLE_CODE = YES;
				CLANG_WARN__DUPLICATE_METHOD_MATCH = YES;
				COPY_PHASE_STRIP = NO;
				DEAD_CODE_STRIPPING = YES;
				ARCHS = "$(ARCHS_STANDARD)";
				DEBUG_INFORMATION_FORMAT = "dwarf-with-dsym";
				ENABLE_NS_ASSERTIONS = NO;
				ENABLE_STRICT_OBJC_MSGSEND = YES;
				ENABLE_USER_SCRIPT_SANDBOXING = NO;
				GCC_C_LANGUAGE_STANDARD = gnu17;
				GCC_NO_COMMON_BLOCKS = YES;
				GCC_WARN_64_TO_32_BIT_CONVERSION = YES;
				GCC_WARN_ABOUT_RETURN_TYPE = YES_ERROR;
				GCC_WARN_UNDECLARED_SELECTOR = YES;
				GCC_WARN_UNINITIALIZED_AUTOS = YES_AGGRESSIVE;
				GCC_WARN_UNUSED_FUNCTION = YES;
				GCC_WARN_UNUSED_VARIABLE = YES;
				LOCALIZATION_PREFERS_STRING_CATALOGS = YES;
				MACOSX_DEPLOYMENT_TARGET = 14.0;
				MTL_FAST_MATH = YES;
				SDKROOT = macosx;
				STRING_CATALOG_GENERATE_SYMBOLS = YES;
				SWIFT_COMPILATION_MODE = wholemodule;
			};
			name = Release;
		};
		2C52EABD73124FF2B654EABD /* Debug */ = {
			isa = XCBuildConfiguration;
			buildSettings = {
				ALWAYS_SEARCH_USER_PATHS = NO;
				ARCHS = "$(ARCHS_STANDARD)";
				ASSETCATALOG_COMPILER_GENERATE_SWIFT_ASSET_SYMBOL_EXTENSIONS = YES;
				CLANG_ANALYZER_LOCALIZABILITY_NONLOCALIZED = YES;
				CLANG_ANALYZER_NONNULL = YES;
				CLANG_ANALYZER_NUMBER_OBJECT_CONVERSION = YES_AGGRESSIVE;
				CLANG_CXX_LANGUAGE_STANDARD = "gnu++20";
				CLANG_ENABLE_MODULES = YES;
				CLANG_ENABLE_OBJC_ARC = YES;
				CLANG_ENABLE_OBJC_WEAK = YES;
				CLANG_WARN_BLOCK_CAPTURE_AUTORELEASING = YES;
				CLANG_WARN_BOOL_CONVERSION = YES;
				CLANG_WARN_COMMA = YES;
				CLANG_WARN_CONSTANT_CONVERSION = YES;
				CLANG_WARN_DEPRECATED_OBJC_IMPLEMENTATIONS = YES;
				CLANG_WARN_DIRECT_OBJC_ISA_USAGE = YES_ERROR;
				CLANG_WARN_DOCUMENTATION_COMMENTS = YES;
				CLANG_WARN_EMPTY_BODY = YES;
				CLANG_WARN_ENUM_CONVERSION = YES;
				CLANG_WARN_INFINITE_RECURSION = YES;
				CLANG_WARN_INT_CONVERSION = YES;
				CLANG_WARN_NON_LITERAL_NULL_CONVERSION = YES;
				CLANG_WARN_OBJC_IMPLICIT_RETAIN_SELF = YES;
				CLANG_WARN_OBJC_LITERAL_CONVERSION = YES;
				CLANG_WARN_OBJC_ROOT_CLASS = YES_ERROR;
				CLANG_WARN_QUOTED_INCLUDE_IN_FRAMEWORK_HEADER = YES;
				CLANG_WARN_RANGE_LOOP_ANALYSIS = YES;
				CLANG_WARN_STRICT_PROTOTYPES = YES;
				CLANG_WARN_SUSPICIOUS_MOVE = YES;
				CLANG_WARN_UNGUARDED_AVAILABILITY = YES_AGGRESSIVE;
				CLANG_WARN_UNREACHABLE_CODE = YES;
				CLANG_WARN__DUPLICATE_METHOD_MATCH = YES;
				COPY_PHASE_STRIP = NO;
				DEAD_CODE_STRIPPING = YES;
				DEBUG_INFORMATION_FORMAT = dwarf;
				ENABLE_STRICT_OBJC_MSGSEND = YES;
				ENABLE_TESTABILITY = YES;
				ENABLE_USER_SCRIPT_SANDBOXING = NO;
				GCC_C_LANGUAGE_STANDARD = gnu17;
				GCC_DYNAMIC_NO_PIC = NO;
				GCC_NO_COMMON_BLOCKS = YES;
				GCC_OPTIMIZATION_LEVEL = 0;
				GCC_PREPROCESSOR_DEFINITIONS = (
					"DEBUG=1",
					"$(inherited)",
				);
				GCC_WARN_64_TO_32_BIT_CONVERSION = YES;
				GCC_WARN_ABOUT_RETURN_TYPE = YES_ERROR;
				GCC_WARN_UNDECLARED_SELECTOR = YES;
				GCC_WARN_UNINITIALIZED_AUTOS = YES_AGGRESSIVE;
				GCC_WARN_UNUSED_FUNCTION = YES;
				GCC_WARN_UNUSED_VARIABLE = YES;
				LOCALIZATION_PREFERS_STRING_CATALOGS = YES;
				MACOSX_DEPLOYMENT_TARGET = 14.0;
				MTL_ENABLE_DEBUG_INFO = INCLUDE_SOURCE;
				MTL_FAST_MATH = YES;
				ONLY_ACTIVE_ARCH = YES;
				SDKROOT = macosx;
				STRING_CATALOG_GENERATE_SYMBOLS = YES;
				SWIFT_ACTIVE_COMPILATION_CONDITIONS = "DEBUG $(inherited)";
				SWIFT_COMPILATION_MODE = wholemodule;
				SWIFT_OPTIMIZATION_LEVEL = "-Onone";
			};
			name = Debug;
		};
		2CAA52676FD140AF9F910BFB /* Debug */ = {
			isa = XCBuildConfiguration;
			buildSettings = {
				ASSETCATALOG_COMPILER_APPICON_NAME = AppIcon;
				ASSETCATALOG_COMPILER_GLOBAL_ACCENT_COLOR_NAME = AccentColor;
				ASSETCATALOG_COMPILER_INCLUDE_ALL_APPICON_ASSETS = YES;
				CODE_SIGN_ENTITLEMENTS = Binky/Binky.entitlements;
				CODE_SIGN_STYLE = Automatic;
				COMBINE_HIDPI_IMAGES = YES;
				CURRENT_PROJECT_VERSION = 1.6.0;
				DEAD_CODE_STRIPPING = YES;
				DEVELOPMENT_TEAM = "";
				ENABLE_HARDENED_RUNTIME = NO;
				ENABLE_PREVIEWS = YES;
				GENERATE_INFOPLIST_FILE = NO;
				INFOPLIST_FILE = Binky/Info.plist;
				INFOPLIST_KEY_CFBundleDisplayName = Binky;
				INFOPLIST_KEY_LSApplicationCategoryType = "public.app-category.utilities";
				LD_RUNPATH_SEARCH_PATHS = (
					"$(inherited)",
					"@executable_path/../Frameworks",
				);
				MARKETING_VERSION = 1.6.0;
				PRODUCT_BUNDLE_IDENTIFIER = com.binky.app;
				PRODUCT_NAME = "$(TARGET_NAME)";
				SWIFT_EMIT_LOC_STRINGS = YES;
				SWIFT_VERSION = 5.0;
				TARGETED_DEVICE_FAMILY = "";
			};
			name = Debug;
		};
		35FB812A91A24C2DBCA72A70 /* Release */ = {
			isa = XCBuildConfiguration;
			buildSettings = {
				ASSETCATALOG_COMPILER_APPICON_NAME = AppIcon;
				ASSETCATALOG_COMPILER_GLOBAL_ACCENT_COLOR_NAME = AccentColor;
				ASSETCATALOG_COMPILER_INCLUDE_ALL_APPICON_ASSETS = YES;
				CODE_SIGN_ENTITLEMENTS = Binky/Binky.entitlements;
				CODE_SIGN_STYLE = Automatic;
				COMBINE_HIDPI_IMAGES = YES;
				CURRENT_PROJECT_VERSION = 1.6.0;
				DEAD_CODE_STRIPPING = YES;
				DEVELOPMENT_TEAM = "";
				ENABLE_HARDENED_RUNTIME = NO;
				ENABLE_PREVIEWS = YES;
				GENERATE_INFOPLIST_FILE = NO;
				INFOPLIST_FILE = Binky/Info.plist;
				INFOPLIST_KEY_CFBundleDisplayName = Binky;
				INFOPLIST_KEY_LSApplicationCategoryType = "public.app-category.utilities";
				LD_RUNPATH_SEARCH_PATHS = (
					"$(inherited)",
					"@executable_path/../Frameworks",
				);
				MARKETING_VERSION = 1.6.0;
				PRODUCT_BUNDLE_IDENTIFIER = com.binky.app;
				PRODUCT_NAME = "$(TARGET_NAME)";
				SWIFT_EMIT_LOC_STRINGS = YES;
				SWIFT_VERSION = 5.0;
				TARGETED_DEVICE_FAMILY = "";
			};
			name = Release;
		};
		XTBCFGD000000000000001 /* Debug */ = {
			isa = XCBuildConfiguration;
			buildSettings = {
				BUNDLE_LOADER = "$(TEST_HOST)";
				CODE_SIGN_STYLE = Automatic;
				CURRENT_PROJECT_VERSION = 1;
				GENERATE_INFOPLIST_FILE = YES;
				MACOSX_DEPLOYMENT_TARGET = 14.0;
				MARKETING_VERSION = 1.0;
				PRODUCT_BUNDLE_IDENTIFIER = com.binky.app.BinkyTests;
				PRODUCT_NAME = "$(TARGET_NAME)";
				STRING_CATALOG_GENERATE_SYMBOLS = NO;
				SWIFT_EMIT_LOC_STRINGS = NO;
				SWIFT_VERSION = 5.0;
				TEST_HOST = "$(BUILT_PRODUCTS_DIR)/Binky.app/Contents/MacOS/Binky";
			};
			name = Debug;
		};
		XTBCFGR000000000000001 /* Release */ = {
			isa = XCBuildConfiguration;
			buildSettings = {
				BUNDLE_LOADER = "$(TEST_HOST)";
				CODE_SIGN_STYLE = Automatic;
				CURRENT_PROJECT_VERSION = 1;
				GENERATE_INFOPLIST_FILE = YES;
				MACOSX_DEPLOYMENT_TARGET = 14.0;
				MARKETING_VERSION = 1.0;
				PRODUCT_BUNDLE_IDENTIFIER = com.binky.app.BinkyTests;
				PRODUCT_NAME = "$(TARGET_NAME)";
				STRING_CATALOG_GENERATE_SYMBOLS = NO;
				SWIFT_EMIT_LOC_STRINGS = NO;
				SWIFT_VERSION = 5.0;
				TEST_HOST = "$(BUILT_PRODUCTS_DIR)/Binky.app/Contents/MacOS/Binky";
			};
			name = Release;
		};
/* End XCBuildConfiguration section */

/* Begin XCConfigurationList section */
		51BCE0C4C2684CF69AC58556 /* Build configuration list for PBXProject "Binky" */ = {
			isa = XCConfigurationList;
			buildConfigurations = (
				2C52EABD73124FF2B654EABD /* Debug */,
				2590EFF6992F4F13862BEF4F /* Release */,
			);
			defaultConfigurationIsVisible = 0;
			defaultConfigurationName = Release;
		};
		90BA7AAE78454AE280292FF6 /* Build configuration list for PBXNativeTarget "Binky" */ = {
			isa = XCConfigurationList;
			buildConfigurations = (
				2CAA52676FD140AF9F910BFB /* Debug */,
				35FB812A91A24C2DBCA72A70 /* Release */,
			);
			defaultConfigurationIsVisible = 0;
			defaultConfigurationName = Release;
		};
		XTCL00000000000000001 /* Build configuration list for PBXNativeTarget "BinkyTests" */ = {
			isa = XCConfigurationList;
			buildConfigurations = (
				XTBCFGD000000000000001 /* Debug */,
				XTBCFGR000000000000001 /* Release */,
			);
			defaultConfigurationIsVisible = 0;
			defaultConfigurationName = Release;
		};
/* End XCConfigurationList section */

/* Begin XCLocalSwiftPackageReference section */
		BCORELCL000001000001 /* XCLocalSwiftPackageReference "BinkyCore" */ = {
			isa = XCLocalSwiftPackageReference;
			relativePath = BinkyCore;
		};
/* End XCLocalSwiftPackageReference section */

/* Begin XCSwiftPackageProductDependency section */
		BCORESPD000001000001 /* BinkyCoreShared */ = {
			isa = XCSwiftPackageProductDependency;
			package = BCORELCL000001000001 /* XCLocalSwiftPackageReference "BinkyCore" */;
			productName = BinkyCoreShared;
		};
		BCORESPD000002000001 /* BinkyCoreSort */ = {
			isa = XCSwiftPackageProductDependency;
			package = BCORELCL000001000001 /* XCLocalSwiftPackageReference "BinkyCore" */;
			productName = BinkyCoreSort;
		};
/* End XCSwiftPackageProductDependency section */
	};
	rootObject = 30998CF249484469BEA4BC05 /* Project object */;
}
